
Microsoft Visual Studio Solution File, Format Version 12.00
# Visual Studio Version 17
VisualStudioVersion = 17.5.33516.290
MinimumVisualStudioVersion = 10.0.40219.1
Project("{FAE04EC0-301F-11D3-BF4B-00C04F79EFBC}") = "PizzaEcki", "PizzaEcki\PizzaEcki.csproj", "{64F239E6-4178-4A38-A605-A41A929B6B01}"
EndProject
Global
	GlobalSection(SolutionConfigurationPlatforms) = preSolution
		Debug|Any CPU = Debug|Any CPU
		Release|Any CPU = Release|Any CPU
	EndGlobalSection
	GlobalSection(ProjectConfigurationPlatforms) = postSolution
		{64F239E6-4178-4A38-A605-A41A929B6B01}.Debug|Any CPU.ActiveCfg = Debug|Any CPU
		{64F239E6-4178-4A38-A605-A41A929B6B01}.Debug|Any CPU.Build.0 = Debug|Any CPU
		{64F239E6-4178-4A38-A605-A41A929B6B01}.Release|Any CPU.ActiveCfg = Release|Any CPU
		{64F239E6-4178-4A38-A605-A41A929B6B01}.Release|Any CPU.Build.0 = Release|Any CPU
	EndGlobalSection
	GlobalSection(SolutionProperties) = preSolution
		HideSolutionNode = FALSE
	EndGlobalSection
	GlobalSection(ExtensibilityGlobals) = postSolution
		SolutionGuid = {4228052E-E152-40AA-8012-76BFE14ED746}
	EndGlobalSection
EndGlobal
